// !$*UTF8*$!
{
	archiveVersion = 1;
	classes = {
	};
	objectVersion = 55;
	objects = {

/* Begin PBXBuildFile section */
		F643387E28032C2B00F3D5A6 /* FructusApp.swift in Sources */ = {isa = PBXBuildFile; fileRef = F643387D28032C2B00F3D5A6 /* FructusApp.swift */; };
		F643388028032C2B00F3D5A6 /* ContentView.swift in Sources */ = {isa = PBXBuildFile; fileRef = F643387F28032C2B00F3D5A6 /* ContentView.swift */; };
		F643388228032C2C00F3D5A6 /* Assets.xcassets in Resources */ = {isa = PBXBuildFile; fileRef = F643388128032C2C00F3D5A6 /* Assets.xcassets */; };
		F643388528032C2C00F3D5A6 /* Preview Assets.xcassets in Resources */ = {isa = PBXBuildFile; fileRef = F643388428032C2C00F3D5A6 /* Preview Assets.xcassets */; };
		F68C23B0280AA0810020F46D /* FruitDetailView.swift in Sources */ = {isa = PBXBuildFile; fileRef = F68C23AF280AA0810020F46D /* FruitDetailView.swift */; };
		F68C23B2280AA3320020F46D /* FruitHeaderView.swift in Sources */ = {isa = PBXBuildFile; fileRef = F68C23B1280AA3320020F46D /* FruitHeaderView.swift */; };
		F68C23B4280AA5AA0020F46D /* SourceLinkView.swift in Sources */ = {isa = PBXBuildFile; fileRef = F68C23B3280AA5AA0020F46D /* SourceLinkView.swift */; };
		F68C23B6280AA99F0020F46D /* FruitNutrientsView.swift in Sources */ = {isa = PBXBuildFile; fileRef = F68C23B5280AA99F0020F46D /* FruitNutrientsView.swift */; };
		F68C23B8280AADA60020F46D /* SettingsView.swift in Sources */ = {isa = PBXBuildFile; fileRef = F68C23B7280AADA60020F46D /* SettingsView.swift */; };
		F68C23BA280AB2F80020F46D /* SettingsLabelView.swift in Sources */ = {isa = PBXBuildFile; fileRef = F68C23B9280AB2F80020F46D /* SettingsLabelView.swift */; };
		F68C23BC280AB5E20020F46D /* SettingsRowView.swift in Sources */ = {isa = PBXBuildFile; fileRef = F68C23BB280AB5E20020F46D /* SettingsRowView.swift */; };
		F6CE521B28079C22003E6C20 /* OnboardingView.swift in Sources */ = {isa = PBXBuildFile; fileRef = F6CE521A28079C22003E6C20 /* OnboardingView.swift */; };
		F6CE521E28079DD6003E6C20 /* FruitModel.swift in Sources */ = {isa = PBXBuildFile; fileRef = F6CE521D28079DD6003E6C20 /* FruitModel.swift */; };
		F6CE522128079E9A003E6C20 /* FruitData.swift in Sources */ = {isa = PBXBuildFile; fileRef = F6CE522028079E9A003E6C20 /* FruitData.swift */; };
		F6CE522528089212003E6C20 /* FruitRowView.swift in Sources */ = {isa = PBXBuildFile; fileRef = F6CE522428089212003E6C20 /* FruitRowView.swift */; };
		F6DA266B28044C4A009FD0DD /* FruitCardView.swift in Sources */ = {isa = PBXBuildFile; fileRef = F6DA266A28044C4A009FD0DD /* FruitCardView.swift */; };
		F6DA266D2804607A009FD0DD /* StartButtonView.swift in Sources */ = {isa = PBXBuildFile; fileRef = F6DA266C2804607A009FD0DD /* StartButtonView.swift */; };
/* End PBXBuildFile section */

/* Begin PBXFileReference section */
		F643387A28032C2B00F3D5A6 /* Fructus.app */ = {isa = PBXFileReference; explicitFileType = wrapper.application; includeInIndex = 0; path = Fructus.app; sourceTree = BUILT_PRODUCTS_DIR; };
		F643387D28032C2B00F3D5A6 /* FructusApp.swift */ = {isa = PBXFileReference; lastKnownFileType = sourcecode.swift; path = FructusApp.swift; sourceTree = "<group>"; };
		F643387F28032C2B00F3D5A6 /* ContentView.swift */ = {isa = PBXFileReference; lastKnownFileType = sourcecode.swift; path = ContentView.swift; sourceTree = "<group>"; };
		F643388128032C2C00F3D5A6 /* Assets.xcassets */ = {isa = PBXFileReference; lastKnownFileType = folder.assetcatalog; path = Assets.xcassets; sourceTree = "<group>"; };
		F643388428032C2C00F3D5A6 /* Preview Assets.xcassets */ = {isa = PBXFileReference; lastKnownFileType = folder.assetcatalog; path = "Preview Assets.xcassets"; sourceTree = "<group>"; };
		F68C23AF280AA0810020F46D /* FruitDetailView.swift */ = {isa = PBXFileReference; lastKnownFileType = sourcecode.swift; path = FruitDetailView.swift; sourceTree = "<group>"; };
		F68C23B1280AA3320020F46D /* FruitHeaderView.swift */ = {isa = PBXFileReference; lastKnownFileType = sourcecode.swift; path = FruitHeaderView.swift; sourceTree = "<group>"; };
		F68C23B3280AA5AA0020F46D /* SourceLinkView.swift */ = {isa = PBXFileReference; lastKnownFileType = sourcecode.swift; path = SourceLinkView.swift; sourceTree = "<group>"; };
		F68C23B5280AA99F0020F46D /* FruitNutrientsView.swift */ = {isa = PBXFileReference; lastKnownFileType = sourcecode.swift; path = FruitNutrientsView.swift; sourceTree = "<group>"; };
		F68C23B7280AADA60020F46D /* SettingsView.swift */ = {isa = PBXFileReference; lastKnownFileType = sourcecode.swift; path = SettingsView.swift; sourceTree = "<group>"; };
		F68C23B9280AB2F80020F46D /* SettingsLabelView.swift */ = {isa = PBXFileReference; lastKnownFileType = sourcecode.swift; path = SettingsLabelView.swift; sourceTree = "<group>"; };
		F68C23BB280AB5E20020F46D /* SettingsRowView.swift */ = {isa = PBXFileReference; lastKnownFileType = sourcecode.swift; path = SettingsRowView.swift; sourceTree = "<group>"; };
		F6CE521A28079C22003E6C20 /* OnboardingView.swift */ = {isa = PBXFileReference; lastKnownFileType = sourcecode.swift; path = OnboardingView.swift; sourceTree = "<group>"; };
		F6CE521D28079DD6003E6C20 /* FruitModel.swift */ = {isa = PBXFileReference; lastKnownFileType = sourcecode.swift; path = FruitModel.swift; sourceTree = "<group>"; };
		F6CE522028079E9A003E6C20 /* FruitData.swift */ = {isa = PBXFileReference; lastKnownFileType = sourcecode.swift; path = FruitData.swift; sourceTree = "<group>"; };
		F6CE522428089212003E6C20 /* FruitRowView.swift */ = {isa = PBXFileReference; lastKnownFileType = sourcecode.swift; path = FruitRowView.swift; sourceTree = "<group>"; };
		F6DA266A28044C4A009FD0DD /* FruitCardView.swift */ = {isa = PBXFileReference; lastKnownFileType = sourcecode.swift; path = FruitCardView.swift; sourceTree = "<group>"; };
		F6DA266C2804607A009FD0DD /* StartButtonView.swift */ = {isa = PBXFileReference; lastKnownFileType = sourcecode.swift; path = StartButtonView.swift; sourceTree = "<group>"; };
/* End PBXFileReference section */

/* Begin PBXFrameworksBuildPhase section */
		F643387728032C2B00F3D5A6 /* Frameworks */ = {
			isa = PBXFrameworksBuildPhase;
			buildActionMask = 2147483647;
			files = (
			);
			runOnlyForDeploymentPostprocessing = 0;
		};
/* End PBXFrameworksBuildPhase section */

/* Begin PBXGroup section */
		F643387128032C2B00F3D5A6 = {
			isa = PBXGroup;
			children = (
				F643387C28032C2B00F3D5A6 /* Fructus */,
				F643387B28032C2B00F3D5A6 /* Products */,
			);
			sourceTree = "<group>";
		};
		F643387B28032C2B00F3D5A6 /* Products */ = {
			isa = PBXGroup;
			children = (
				F643387A28032C2B00F3D5A6 /* Fructus.app */,
			);
			name = Products;
			sourceTree = "<group>";
		};
		F643387C28032C2B00F3D5A6 /* Fructus */ = {
			isa = PBXGroup;
			children = (
				F6CE521F28079E85003E6C20 /* Data */,
				F6CE521C28079DC2003E6C20 /* Model */,
				F6DA266728044C1C009FD0DD /* View */,
				F643387D28032C2B00F3D5A6 /* FructusApp.swift */,
				F643388128032C2C00F3D5A6 /* Assets.xcassets */,
				F643388328032C2C00F3D5A6 /* Preview Content */,
			);
			path = Fructus;
			sourceTree = "<group>";
		};
		F643388328032C2C00F3D5A6 /* Preview Content */ = {
			isa = PBXGroup;
			children = (
				F643388428032C2C00F3D5A6 /* Preview Assets.xcassets */,
			);
			path = "Preview Content";
			sourceTree = "<group>";
		};
		F6CE521C28079DC2003E6C20 /* Model */ = {
			isa = PBXGroup;
			children = (
				F6CE521D28079DD6003E6C20 /* FruitModel.swift */,
			);
			path = Model;
			sourceTree = "<group>";
		};
		F6CE521F28079E85003E6C20 /* Data */ = {
			isa = PBXGroup;
			children = (
				F6CE522028079E9A003E6C20 /* FruitData.swift */,
			);
			path = Data;
			sourceTree = "<group>";
		};
		F6DA266728044C1C009FD0DD /* View */ = {
			isa = PBXGroup;
			children = (
				F643387F28032C2B00F3D5A6 /* ContentView.swift */,
				F6DA266A28044C4A009FD0DD /* FruitCardView.swift */,
				F6DA266C2804607A009FD0DD /* StartButtonView.swift */,
				F6CE521A28079C22003E6C20 /* OnboardingView.swift */,
				F6CE522428089212003E6C20 /* FruitRowView.swift */,
				F68C23AF280AA0810020F46D /* FruitDetailView.swift */,
				F68C23B1280AA3320020F46D /* FruitHeaderView.swift */,
				F68C23B3280AA5AA0020F46D /* SourceLinkView.swift */,
				F68C23B5280AA99F0020F46D /* FruitNutrientsView.swift */,
				F68C23B7280AADA60020F46D /* SettingsView.swift */,
				F68C23B9280AB2F80020F46D /* SettingsLabelView.swift */,
				F68C23BB280AB5E20020F46D /* SettingsRowView.swift */,
			);
			path = View;
			sourceTree = "<group>";
		};
/* End PBXGroup section */

/* Begin PBXNativeTarget section */
		F643387928032C2B00F3D5A6 /* Fructus */ = {
			isa = PBXNativeTarget;
			buildConfigurationList = F643388828032C2C00F3D5A6 /* Build configuration list for PBXNativeTarget "Fructus" */;
			buildPhases = (
				F643387628032C2B00F3D5A6 /* Sources */,
				F643387728032C2B00F3D5A6 /* Frameworks */,
				F643387828032C2B00F3D5A6 /* Resources */,
			);
			buildRules = (
			);
			dependencies = (
			);
			name = Fructus;
			productName = Fructus;
			productReference = F643387A28032C2B00F3D5A6 /* Fructus.app */;
			productType = "com.apple.product-type.application";
		};
/* End PBXNativeTarget section */

/* Begin PBXProject section */
		F643387228032C2B00F3D5A6 /* Project object */ = {
			isa = PBXProject;
			attributes = {
				BuildIndependentTargetsInParallel = 1;
				LastSwiftUpdateCheck = 1320;
				LastUpgradeCheck = 1320;
				TargetAttributes = {
					F643387928032C2B00F3D5A6 = {
						CreatedOnToolsVersion = 13.2.1;
					};
				};
			};
			buildConfigurationList = F643387528032C2B00F3D5A6 /* Build configuration list for PBXProject "Fructus" */;
			compatibilityVersion = "Xcode 13.0";
			developmentRegion = en;
			hasScannedForEncodings = 0;
			knownRegions = (
				en,
				Base,
			);
			mainGroup = F643387128032C2B00F3D5A6;
			productRefGroup = F643387B28032C2B00F3D5A6 /* Products */;
			projectDirPath = "";
			projectRoot = "";
			targets = (
				F643387928032C2B00F3D5A6 /* Fructus */,
			);
		};
/* End PBXProject section */

/* Begin PBXResourcesBuildPhase section */
		F643387828032C2B00F3D5A6 /* Resources */ = {
			isa = PBXResourcesBuildPhase;
			buildActionMask = 2147483647;
			files = (
				F643388528032C2C00F3D5A6 /* Preview Assets.xcassets in Resources */,
				F643388228032C2C00F3D5A6 /* Assets.xcassets in Resources */,
			);
			runOnlyForDeploymentPostprocessing = 0;
		};
/* End PBXResourcesBuildPhase section */

/* Begin PBXSourcesBuildPhase section */
		F643387628032C2B00F3D5A6 /* Sources */ = {
			isa = PBXSourcesBuildPhase;
			buildActionMask = 2147483647;
			files = (
				F6CE522128079E9A003E6C20 /* FruitData.swift in Sources */,
				F68C23B4280AA5AA0020F46D /* SourceLinkView.swift in Sources */,
				F68C23BC280AB5E20020F46D /* SettingsRowView.swift in Sources */,
				F6DA266B28044C4A009FD0DD /* FruitCardView.swift in Sources */,
				F6CE522528089212003E6C20 /* FruitRowView.swift in Sources */,
				F68C23B6280AA99F0020F46D /* FruitNutrientsView.swift in Sources */,
				F6DA266D2804607A009FD0DD /* StartButtonView.swift in Sources */,
				F68C23B0280AA0810020F46D /* FruitDetailView.swift in Sources */,
				F643388028032C2B00F3D5A6 /* ContentView.swift in Sources */,
				F68C23B2280AA3320020F46D /* FruitHeaderView.swift in Sources */,
				F6CE521B28079C22003E6C20 /* OnboardingView.swift in Sources */,
				F68C23BA280AB2F80020F46D /* SettingsLabelView.swift in Sources */,
				F6CE521E28079DD6003E6C20 /* FruitModel.swift in Sources */,
				F643387E28032C2B00F3D5A6 /* FructusApp.swift in Sources */,
				F68C23B8280AADA60020F46D /* SettingsView.swift in Sources */,
			);
			runOnlyForDeploymentPostprocessing = 0;
		};
/* End PBXSourcesBuildPhase section */

/* Begin XCBuildConfiguration section */
		F643388628032C2C00F3D5A6 /* Debug */ = {
			isa = XCBuildConfiguration;
			buildSettings = {
				ALWAYS_SEARCH_USER_PATHS = NO;
				CLANG_ANALYZER_NONNULL = YES;
				CLANG_ANALYZER_NUMBER_OBJECT_CONVERSION = YES_AGGRESSIVE;
				CLANG_CXX_LANGUAGE_STANDARD = "gnu++17";
				CLANG_CXX_LIBRARY = "libc++";
				CLANG_ENABLE_MODULES = YES;
				CLANG_ENABLE_OBJC_ARC = YES;
				CLANG_ENABLE_OBJC_WEAK = YES;
				CLANG_WARN_BLOCK_CAPTURE_AUTORELEASING = YES;
				CLANG_WARN_BOOL_CONVERSION = YES;
				CLANG_WARN_COMMA = YES;
				CLANG_WARN_CONSTANT_CONVERSION = YES;
				CLANG_WARN_DEPRECATED_OBJC_IMPLEMENTATIONS = YES;
				CLANG_WARN_DIRECT_OBJC_ISA_USAGE = YES_ERROR;
				CLANG_WARN_DOCUMENTATION_COMMENTS = YES;
				CLANG_WARN_EMPTY_BODY = YES;
				CLANG_WARN_ENUM_CONVERSION = YES;
				CLANG_WARN_INFINITE_RECURSION = YES;
				CLANG_WARN_INT_CONVERSION = YES;
				CLANG_WARN_NON_LITERAL_NULL_CONVERSION = YES;
				CLANG_WARN_OBJC_IMPLICIT_RETAIN_SELF = YES;
				CLANG_WARN_OBJC_LITERAL_CONVERSION = YES;
				CLANG_WARN_OBJC_ROOT_CLASS = YES_ERROR;
				CLANG_WARN_QUOTED_INCLUDE_IN_FRAMEWORK_HEADER = YES;
				CLANG_WARN_RANGE_LOOP_ANALYSIS = YES;
				CLANG_WARN_STRICT_PROTOTYPES = YES;
				CLANG_WARN_SUSPICIOUS_MOVE = YES;
				CLANG_WARN_UNGUARDED_AVAILABILITY = YES_AGGRESSIVE;
				CLANG_WARN_UNREACHABLE_CODE = YES;
				CLANG_WARN__DUPLICATE_METHOD_MATCH = YES;
				COPY_PHASE_STRIP = NO;
				DEBUG_INFORMATION_FORMAT = dwarf;
				ENABLE_STRICT_OBJC_MSGSEND = YES;
				ENABLE_TESTABILITY = YES;
				GCC_C_LANGUAGE_STANDARD = gnu11;
				GCC_DYNAMIC_NO_PIC = NO;
				GCC_NO_COMMON_BLOCKS = YES;
				GCC_OPTIMIZATION_LEVEL = 0;
				GCC_PREPROCESSOR_DEFINITIONS = (
					"DEBUG=1",
					"$(inherited)",
				);
				GCC_WARN_64_TO_32_BIT_CONVERSION = YES;
				GCC_WARN_ABOUT_RETURN_TYPE = YES_ERROR;
				GCC_WARN_UNDECLARED_SELECTOR = YES;
				GCC_WARN_UNINITIALIZED_AUTOS = YES_AGGRESSIVE;
				GCC_WARN_UNUSED_FUNCTION = YES;
				GCC_WARN_UNUSED_VARIABLE = YES;
				IPHONEOS_DEPLOYMENT_TARGET = 15.2;
				MTL_ENABLE_DEBUG_INFO = INCLUDE_SOURCE;
				MTL_FAST_MATH = YES;
				ONLY_ACTIVE_ARCH = YES;
				SDKROOT = iphoneos;
				SWIFT_ACTIVE_COMPILATION_CONDITIONS = DEBUG;
				SWIFT_OPTIMIZATION_LEVEL = "-Onone";
			};
			name = Debug;
		};
		F643388728032C2C00F3D5A6 /* Release */ = {
			isa = XCBuildConfiguration;
			buildSettings = {
				ALWAYS_SEARCH_USER_PATHS = NO;
				CLANG_ANALYZER_NONNULL = YES;
				CLANG_ANALYZER_NUMBER_OBJECT_CONVERSION = YES_AGGRESSIVE;
				CLANG_CXX_LANGUAGE_STANDARD = "gnu++17";
				CLANG_CXX_LIBRARY = "libc++";
				CLANG_ENABLE_MODULES = YES;
				CLANG_ENABLE_OBJC_ARC = YES;
				CLANG_ENABLE_OBJC_WEAK = YES;
				CLANG_WARN_BLOCK_CAPTURE_AUTORELEASING = YES;
				CLANG_WARN_BOOL_CONVERSION = YES;
				CLANG_WARN_COMMA = YES;
				CLANG_WARN_CONSTANT_CONVERSION = YES;
				CLANG_WARN_DEPRECATED_OBJC_IMPLEMENTATIONS = YES;
				CLANG_WARN_DIRECT_OBJC_ISA_USAGE = YES_ERROR;
				CLANG_WARN_DOCUMENTATION_COMMENTS = YES;
				CLANG_WARN_EMPTY_BODY = YES;
				CLANG_WARN_ENUM_CONVERSION = YES;
				CLANG_WARN_INFINITE_RECURSION = YES;
				CLANG_WARN_INT_CONVERSION = YES;
				CLANG_WARN_NON_LITERAL_NULL_CONVERSION = YES;
				CLANG_WARN_OBJC_IMPLICIT_RETAIN_SELF = YES;
				CLANG_WARN_OBJC_LITERAL_CONVERSION = YES;
				CLANG_WARN_OBJC_ROOT_CLASS = YES_ERROR;
				CLANG_WARN_QUOTED_INCLUDE_IN_FRAMEWORK_HEADER = YES;
				CLANG_WARN_RANGE_LOOP_ANALYSIS = YES;
				CLANG_WARN_STRICT_PROTOTYPES = YES;
				CLANG_WARN_SUSPICIOUS_MOVE = YES;
				CLANG_WARN_UNGUARDED_AVAILABILITY = YES_AGGRESSIVE;
				CLANG_WARN_UNREACHABLE_CODE = YES;
				CLANG_WARN__DUPLICATE_METHOD_MATCH = YES;
				COPY_PHASE_STRIP = NO;
				DEBUG_INFORMATION_FORMAT = "dwarf-with-dsym";
				ENABLE_NS_ASSERTIONS = NO;
				ENABLE_STRICT_OBJC_MSGSEND = YES;
				GCC_C_LANGUAGE_STANDARD = gnu11;
				GCC_NO_COMMON_BLOCKS = YES;
				GCC_WARN_64_TO_32_BIT_CONVERSION = YES;
				GCC_WARN_ABOUT_RETURN_TYPE = YES_ERROR;
				GCC_WARN_UNDECLARED_SELECTOR = YES;
				GCC_WARN_UNINITIALIZED_AUTOS = YES_AGGRESSIVE;
				GCC_WARN_UNUSED_FUNCTION = YES;
				GCC_WARN_UNUSED_VARIABLE = YES;
				IPHONEOS_DEPLOYMENT_TARGET = 15.2;
				MTL_ENABLE_DEBUG_INFO = NO;
				MTL_FAST_MATH = YES;
				SDKROOT = iphoneos;
				SWIFT_COMPILATION_MODE = wholemodule;
				SWIFT_OPTIMIZATION_LEVEL = "-O";
				VALIDATE_PRODUCT = YES;
			};
			name = Release;
		};
		F643388928032C2C00F3D5A6 /* Debug */ = {
			isa = XCBuildConfiguration;
			buildSettings = {
				ASSETCATALOG_COMPILER_APPICON_NAME = AppIcon;
				ASSETCATALOG_COMPILER_GLOBAL_ACCENT_COLOR_NAME = AccentColor;
				CODE_SIGN_STYLE = Automatic;
				CURRENT_PROJECT_VERSION = 1;
				DEVELOPMENT_ASSET_PATHS = "\"Fructus/Preview Content\"";
				ENABLE_PREVIEWS = YES;
				GENERATE_INFOPLIST_FILE = YES;
				INFOPLIST_KEY_UIApplicationSceneManifest_Generation = YES;
				INFOPLIST_KEY_UIApplicationSupportsIndirectInputEvents = YES;
				INFOPLIST_KEY_UILaunchScreen_Generation = YES;
				INFOPLIST_KEY_UISupportedInterfaceOrientations_iPad = "UIInterfaceOrientationPortrait UIInterfaceOrientationPortraitUpsideDown UIInterfaceOrientationLandscapeLeft UIInterfaceOrientationLandscapeRight";
				INFOPLIST_KEY_UISupportedInterfaceOrientations_iPhone = "UIInterfaceOrientationPortrait UIInterfaceOrientationLandscapeLeft UIInterfaceOrientationLandscapeRight";
				LD_RUNPATH_SEARCH_PATHS = (
					"$(inherited)",
					"@executable_path/Frameworks",
				);
				MARKETING_VERSION = 1.0;
				PRODUCT_BUNDLE_IDENTIFIER = metinatalay.Fructus;
				PRODUCT_NAME = "$(TARGET_NAME)";
				SWIFT_EMIT_LOC_STRINGS = YES;
				SWIFT_VERSION = 5.0;
				TARGETED_DEVICE_FAMILY = "1,2";
			};
			name = Debug;
		};
		F643388A28032C2C00F3D5A6 /* Release */ = {
			isa = XCBuildConfiguration;
			buildSettings = {
				ASSETCATALOG_COMPILER_APPICON_NAME = AppIcon;
				ASSETCATALOG_COMPILER_GLOBAL_ACCENT_COLOR_NAME = AccentColor;
				CODE_SIGN_STYLE = Automatic;
				CURRENT_PROJECT_VERSION = 1;
				DEVELOPMENT_ASSET_PATHS = "\"Fructus/Preview Content\"";
				ENABLE_PREVIEWS = YES;
				GENERATE_INFOPLIST_FILE = YES;
				INFOPLIST_KEY_UIApplicationSceneManifest_Generation = YES;
				INFOPLIST_KEY_UIApplicationSupportsIndirectInputEvents = YES;
				INFOPLIST_KEY_UILaunchScreen_Generation = YES;
				INFOPLIST_KEY_UISupportedInterfaceOrientations_iPad = "UIInterfaceOrientationPortrait UIInterfaceOrientationPortraitUpsideDown UIInterfaceOrientationLandscapeLeft UIInterfaceOrientationLandscapeRight";
				INFOPLIST_KEY_UISupportedInterfaceOrientations_iPhone = "UIInterfaceOrientationPortrait UIInterfaceOrientationLandscapeLeft UIInterfaceOrientationLandscapeRight";
				LD_RUNPATH_SEARCH_PATHS = (
					"$(inherited)",
					"@executable_path/Frameworks",
				);
				MARKETING_VERSION = 1.0;
				PRODUCT_BUNDLE_IDENTIFIER = metinatalay.Fructus;
				PRODUCT_NAME = "$(TARGET_NAME)";
				SWIFT_EMIT_LOC_STRINGS = YES;
				SWIFT_VERSION = 5.0;
				TARGETED_DEVICE_FAMILY = "1,2";
			};
			name = Release;
		};
/* End XCBuildConfiguration section */

/* Begin XCConfigurationList section */
		F643387528032C2B00F3D5A6 /* Build configuration list for PBXProject "Fructus" */ = {
			isa = XCConfigurationList;
			buildConfigurations = (
				F643388628032C2C00F3D5A6 /* Debug */,
				F643388728032C2C00F3D5A6 /* Release */,
			);
			defaultConfigurationIsVisible = 0;
			defaultConfigurationName = Release;
		};
		F643388828032C2C00F3D5A6 /* Build configuration list for PBXNativeTarget "Fructus" */ = {
			isa = XCConfigurationList;
			buildConfigurations = (
				F643388928032C2C00F3D5A6 /* Debug */,
				F643388A28032C2C00F3D5A6 /* Release */,
			);
			defaultConfigurationIsVisible = 0;
			defaultConfigurationName = Release;
		};
/* End XCConfigurationList section */
	};
	rootObject = F643387228032C2B00F3D5A6 /* Project object */;
}
